
Microsoft Visual Studio Solution File, Format Version 12.00
# Visual Studio Version 17
VisualStudioVersion = 17.8.34212.112
MinimumVisualStudioVersion = 10.0.40219.1
Project("{9A19103F-16F7-4668-BE54-9A1E7A4F7556}") = "henniefrancis", "blog\henniefrancis.csproj", "{8023F28C-A953-423A-9867-5679AEDCBDEA}"
EndProject
Global
	GlobalSection(SolutionConfigurationPlatforms) = preSolution
		Debug|Any CPU = Debug|Any CPU
		Release|Any CPU = Release|Any CPU
	EndGlobalSection
	GlobalSection(ProjectConfigurationPlatforms) = postSolution
		{8023F28C-A953-423A-9867-5679AEDCBDEA}.Debug|Any CPU.ActiveCfg = Debug|Any CPU
		{8023F28C-A953-423A-9867-5679AEDCBDEA}.Debug|Any CPU.Build.0 = Debug|Any CPU
		{8023F28C-A953-423A-9867-5679AEDCBDEA}.Release|Any CPU.ActiveCfg = Release|Any CPU
		{8023F28C-A953-423A-9867-5679AEDCBDEA}.Release|Any CPU.Build.0 = Release|Any CPU
	EndGlobalSection
	GlobalSection(SolutionProperties) = preSolution
		HideSolutionNode = FALSE
	EndGlobalSection
	GlobalSection(ExtensibilityGlobals) = postSolution
		SolutionGuid = {6B071195-1E71-463A-A68E-0929E73F7CA6}
	EndGlobalSection
EndGlobal
